
Microsoft Visual Studio Solution File, Format Version 12.00
# Visual Studio Version 17
VisualStudioVersion = 17.1.32210.238
MinimumVisualStudioVersion = 10.0.40219.1
Project("{FAE04EC0-301F-11D3-BF4B-00C04F79EFBC}") = "Herança", "Herança\Herança.csproj", "{2671F7B1-A9AD-4332-AE32-4E92FF238EB1}"
EndProject
Global
	GlobalSection(SolutionConfigurationPlatforms) = preSolution
		Debug|Any CPU = Debug|Any CPU
		Release|Any CPU = Release|Any CPU
	EndGlobalSection
	GlobalSection(ProjectConfigurationPlatforms) = postSolution
		{2671F7B1-A9AD-4332-AE32-4E92FF238EB1}.Debug|Any CPU.ActiveCfg = Debug|Any CPU
		{2671F7B1-A9AD-4332-AE32-4E92FF238EB1}.Debug|Any CPU.Build.0 = Debug|Any CPU
		{2671F7B1-A9AD-4332-AE32-4E92FF238EB1}.Release|Any CPU.ActiveCfg = Release|Any CPU
		{2671F7B1-A9AD-4332-AE32-4E92FF238EB1}.Release|Any CPU.Build.0 = Release|Any CPU
	EndGlobalSection
	GlobalSection(SolutionProperties) = preSolution
		HideSolutionNode = FALSE
	EndGlobalSection
	GlobalSection(ExtensibilityGlobals) = postSolution
		SolutionGuid = {3255919E-D2A4-4482-A45A-4B0F1B8416DE}
	EndGlobalSection
EndGlobal
